
Microsoft Visual Studio Solution File, Format Version 12.00
# Visual Studio 15
Project("{FAE04EC0-301F-11D3-BF4B-00C04F79EFBC}") = "TopContentViewTest.iOS", "TopContentViewTest.iOS\TopContentViewTest.iOS.csproj", "{7C5E967A-319E-49CD-AE23-9E71CA65829D}"
EndProject
Project("{FAE04EC0-301F-11D3-BF4B-00C04F79EFBC}") = "TopContentViewTest", "TopContentViewTest\TopContentViewTest.csproj", "{A82A504A-3CCF-47D9-8E68-132AD724B04B}"
EndProject
Project("{FAE04EC0-301F-11D3-BF4B-00C04F79EFBC}") = "TopContentView", "TopContentView\TopContentView.csproj", "{2FF17F31-A29F-4EE5-B1BB-6C93A9B9F4B8}"
EndProject
Global
	GlobalSection(SolutionConfigurationPlatforms) = preSolution
		Debug|iPhoneSimulator = Debug|iPhoneSimulator
		Release|iPhoneSimulator = Release|iPhoneSimulator
		Debug|iPhone = Debug|iPhone
		Release|iPhone = Release|iPhone
		Debug|Any CPU = Debug|Any CPU
		Release|Any CPU = Release|Any CPU
	EndGlobalSection
	GlobalSection(ProjectConfigurationPlatforms) = postSolution
		{7C5E967A-319E-49CD-AE23-9E71CA65829D}.Debug|iPhoneSimulator.ActiveCfg = Debug|iPhoneSimulator
		{7C5E967A-319E-49CD-AE23-9E71CA65829D}.Debug|iPhoneSimulator.Build.0 = Debug|iPhoneSimulator
		{7C5E967A-319E-49CD-AE23-9E71CA65829D}.Release|iPhoneSimulator.ActiveCfg = Release|iPhoneSimulator
		{7C5E967A-319E-49CD-AE23-9E71CA65829D}.Release|iPhoneSimulator.Build.0 = Release|iPhoneSimulator
		{7C5E967A-319E-49CD-AE23-9E71CA65829D}.Debug|iPhone.ActiveCfg = Debug|iPhone
		{7C5E967A-319E-49CD-AE23-9E71CA65829D}.Debug|iPhone.Build.0 = Debug|iPhone
		{7C5E967A-319E-49CD-AE23-9E71CA65829D}.Release|iPhone.ActiveCfg = Release|iPhone
		{7C5E967A-319E-49CD-AE23-9E71CA65829D}.Release|iPhone.Build.0 = Release|iPhone
		{7C5E967A-319E-49CD-AE23-9E71CA65829D}.Debug|Any CPU.ActiveCfg = Debug|iPhoneSimulator
		{7C5E967A-319E-49CD-AE23-9E71CA65829D}.Debug|Any CPU.Build.0 = Debug|iPhoneSimulator
		{7C5E967A-319E-49CD-AE23-9E71CA65829D}.Release|Any CPU.ActiveCfg = Release|iPhoneSimulator
		{7C5E967A-319E-49CD-AE23-9E71CA65829D}.Release|Any CPU.Build.0 = Release|iPhoneSimulator
		{A82A504A-3CCF-47D9-8E68-132AD724B04B}.Debug|iPhoneSimulator.ActiveCfg = Debug|Any CPU
		{A82A504A-3CCF-47D9-8E68-132AD724B04B}.Debug|iPhoneSimulator.Build.0 = Debug|Any CPU
		{A82A504A-3CCF-47D9-8E68-132AD724B04B}.Release|iPhoneSimulator.ActiveCfg = Release|Any CPU
		{A82A504A-3CCF-47D9-8E68-132AD724B04B}.Release|iPhoneSimulator.Build.0 = Release|Any CPU
		{A82A504A-3CCF-47D9-8E68-132AD724B04B}.Debug|iPhone.ActiveCfg = Debug|Any CPU
		{A82A504A-3CCF-47D9-8E68-132AD724B04B}.Debug|iPhone.Build.0 = Debug|Any CPU
		{A82A504A-3CCF-47D9-8E68-132AD724B04B}.Release|iPhone.ActiveCfg = Release|Any CPU
		{A82A504A-3CCF-47D9-8E68-132AD724B04B}.Release|iPhone.Build.0 = Release|Any CPU
		{A82A504A-3CCF-47D9-8E68-132AD724B04B}.Debug|Any CPU.ActiveCfg = Debug|Any CPU
		{A82A504A-3CCF-47D9-8E68-132AD724B04B}.Debug|Any CPU.Build.0 = Debug|Any CPU
		{A82A504A-3CCF-47D9-8E68-132AD724B04B}.Release|Any CPU.ActiveCfg = Release|Any CPU
		{A82A504A-3CCF-47D9-8E68-132AD724B04B}.Release|Any CPU.Build.0 = Release|Any CPU
		{2FF17F31-A29F-4EE5-B1BB-6C93A9B9F4B8}.Debug|iPhoneSimulator.ActiveCfg = Debug|Any CPU
		{2FF17F31-A29F-4EE5-B1BB-6C93A9B9F4B8}.Debug|iPhoneSimulator.Build.0 = Debug|Any CPU
		{2FF17F31-A29F-4EE5-B1BB-6C93A9B9F4B8}.Release|iPhoneSimulator.ActiveCfg = Release|Any CPU
		{2FF17F31-A29F-4EE5-B1BB-6C93A9B9F4B8}.Release|iPhoneSimulator.Build.0 = Release|Any CPU
		{2FF17F31-A29F-4EE5-B1BB-6C93A9B9F4B8}.Debug|iPhone.ActiveCfg = Debug|Any CPU
		{2FF17F31-A29F-4EE5-B1BB-6C93A9B9F4B8}.Debug|iPhone.Build.0 = Debug|Any CPU
		{2FF17F31-A29F-4EE5-B1BB-6C93A9B9F4B8}.Release|iPhone.ActiveCfg = Release|Any CPU
		{2FF17F31-A29F-4EE5-B1BB-6C93A9B9F4B8}.Release|iPhone.Build.0 = Release|Any CPU
		{2FF17F31-A29F-4EE5-B1BB-6C93A9B9F4B8}.Debug|Any CPU.ActiveCfg = Debug|Any CPU
		{2FF17F31-A29F-4EE5-B1BB-6C93A9B9F4B8}.Debug|Any CPU.Build.0 = Debug|Any CPU
		{2FF17F31-A29F-4EE5-B1BB-6C93A9B9F4B8}.Release|Any CPU.ActiveCfg = Release|Any CPU
		{2FF17F31-A29F-4EE5-B1BB-6C93A9B9F4B8}.Release|Any CPU.Build.0 = Release|Any CPU
	EndGlobalSection
EndGlobal
